{
  "requires": true,
  "lockfileVersion": 1,
  "dependencies": {
    "acorn": {
      "version": "6.3.0",
      "resolved": "https://registry.npmjs.org/acorn/-/acorn-6.3.0.tgz",
      "integrity": "sha512-/czfa8BwS88b9gWQVhc8eknunSA2DoJpJyTQkhheIf5E48u1N0R4q/YxxsAeqRrmK9TQ/uYfgLDfZo91UlANIA=="
    },
    "vue-timeselector": {
      "version": "0.1.7",
      "resolved": "https://registry.npmjs.org/vue-timeselector/-/vue-timeselector-0.1.7.tgz",
      "integrity": "sha512-KhHy4sDbNqL40wD6gC53WXCI4kAJS88FSW52cj74UY4bwNAOIzMMHPVpJB5V1ct8QxbT7xAd0aGxb4tOQBYHuA==",
      "requires": {
        "acorn": "^6.1.1"
      }
    }
  }
}
