{
    "_meta": {
        "hash": {
            "sha256": "07d8c9de276cdfc7a3c676ea07e2f3342b349db2a607b6402fc444f72a0cef73"
        },
        "pipfile-spec": 6,
        "requires": {
            "python_version": "3.6"
        },
        "sources": [
            {
                "name": "pypi",
                "url": "https://pypi.org/simple",
                "verify_ssl": true
            }
        ]
    },
    "default": {
        "asks": {
            "hashes": [
                "sha256:d76a6314ecd7d2f920d2e94b8d7bcbb7a0941aa4c915874869c503c757088df2"
            ],
            "version": "==1.3.11"
        },
        "async-generator": {
            "hashes": [
                "sha256:2f45541002a14f80fffc6d52788f92470ff0d9bfe81c434ea8cd60babe43de9e",
                "sha256:b7d5465c6174fe86dba498ececb175f93a6097ffb7cc91946405e1f05b848371"
            ],
            "version": "==1.9"
        },
        "curio": {
            "hashes": [
                "sha256:51d1a7b49b4f8dd1486ac785c72d522962e93ccfdcfc1f818f5c7553a307b5ef"
            ],
            "index": "pypi",
            "version": "==0.9"
        },
        "dataclasses": {
            "hashes": [
                "sha256:3f20420c953ecf4c4df68f3aaee48dea69a87935aaeceffce1176b5366b08f1e",
                "sha256:7127de1976d5c6d4f374c9826aefe6564b612690a60ca957cbd5c64483326dc1"
            ],
            "index": "pypi",
            "version": "==0.5"
        },
        "discord-curious": {
            "hashes": [
                "sha256:56751ebf50181c8f411a672cc18f2ff10ce70f25e6d1cc7e31507f0f8498f5be",
                "sha256:94997591eef8a61f3351d4b0ee88cdf698097d75d12a916043cab59cd4b10dc5",
                "sha256:b6ff13bd243122e79c5587abfc3272a6c21f6b7e0b597668de2d036a0b3ca528"
            ],
            "index": "pypi",
            "version": "==0.7.7"
        },
        "fuzzywuzzy": {
            "hashes": [
                "sha256:d40c22d2744dff84885b30bbfc07fab7875f641d070374331777a4d1808b8d4e",
                "sha256:ecf490216fb4d76b558a03042ff8f45a8782f17326caca1384d834cbaa2c7e6f"
            ],
            "index": "pypi",
            "version": "==0.16.0"
        },
        "h11": {
            "hashes": [
                "sha256:acca6a44cb52a32ab442b1779adf0875c443c689e9e028f8d831a3769f9c5208",
                "sha256:f2b1ca39bfed357d1f19ac732913d5f9faa54a5062eca7d2ec3a916cfb7ae4c7"
            ],
            "version": "==0.8.1"
        },
        "html5lib": {
            "hashes": [
                "sha256:20b159aa3badc9d5ee8f5c647e5efd02ed2a66ab8d354930bd9ff139fc1dc0a3",
                "sha256:66cb0dcfdbbc4f9c3ba1a63fdb511ffdbd4f513b2b6d81b80cd26ce6b3fb3736"
            ],
            "index": "pypi",
            "version": "==1.0.1"
        },
        "lomond": {
            "hashes": [
                "sha256:360355cf4916a888c465e7afb1884cf68fd5ef8ac4935c91a4cfbcda52fc393d",
                "sha256:f63569cac437f1b2c45f97f4d5b8db81afa84a3cecaf46364da779f7774b405c"
            ],
            "version": "==0.1.15"
        },
        "lxml": {
            "hashes": [
                "sha256:01c45df6d90497c20aa2a07789a41941f9a1029faa30bf725fc7f6d515b1afe9",
                "sha256:0c9fef4f8d444e337df96c54544aeb85b7215b2ed7483bb6c35de97ac99f1bcd",
                "sha256:0e3cd94c95d30ba9ca3cff40e9b2a14e1a10a4fd8131105b86c6b61648f57e4b",
                "sha256:0e7996e9b46b4d8b4ac1c329a00e2d10edcd8380b95d2a676fccabf4c1dd0512",
                "sha256:1858b1933d483ec5727549d3fe166eeb54229fbd6a9d3d7ea26d2c8a28048058",
                "sha256:1b164bba1320b14905dcff77da10d5ce9c411ac4acc4fb4ed9a2a4d10fae38c9",
                "sha256:1b46f37927fa6cd1f3fe34b54f1a23bd5bea1d905657289e08e1297069a1a597",
                "sha256:231047b05907315ae9a9b6925751f9fd2c479cf7b100fff62485a25e382ca0d4",
                "sha256:28f0c6652c1b130f1e576b60532f84b19379485eb8da6185c29bd8c9c9bc97bf",
                "sha256:34d49d0f72dd82b9530322c48b70ac78cca0911275da741c3b1d2f3603c5f295",
                "sha256:3682a17fbf72d56d7e46db2e80ca23850b79c28cfe75dcd9b82f58808f730909",
                "sha256:3cf2830b9a6ad7f6e965fa53a768d4d2372a7856f20ffa6ce43d2fe9c0d34b19",
                "sha256:5b653c9379ce29ce271fbe1010c5396670f018e78b643e21beefbb3dc6d291de",
                "sha256:65a272821d5d8194358d6b46f3ca727fa56a6b63981606eac737c86d27309cdd",
                "sha256:691f2cd97cf026c611df1ea5055755eec7f878f2d4f4330dc8686583de6fc5fd",
                "sha256:6b6379495d3baacf7ed755ac68547c8dff6ce5d37bf370f0b7678888dc1283f9",
                "sha256:75322a531504d4f383264391d89993a42e286da8821ddc5ac315e57305cb84f0",
                "sha256:7f457cbda964257f443bac861d3a36732dcba8183149e7818ee2fb7c86901b94",
                "sha256:7ff1fc76d8804e0f870c343a72007ff587090c218b0f92d8ee784ac2b6eaf5b9",
                "sha256:8523fbde9c2216f3f2b950cb01ebe52e785eaa8a07ffeb456dd3576ca1b4fb9b",
                "sha256:8f37627f16e026523fca326f1b5c9a43534862fede6c3e99c2ba6a776d75c1ab",
                "sha256:a7182ea298cc3555ea56ffbb0748fe0d5e0d81451e2bc16d7f4645cd01b1ca70",
                "sha256:abbd2fb4a5a04c11b5e04eb146659a0cf67bb237dd3d7ca3b9994d3a9f826e55",
                "sha256:accc9f6b77bed0a6f267b4fae120f6008a951193d548cdbe9b61fc98a08b1cf8",
                "sha256:bd88c8ce0d1504fdfd96a35911dd4f3edfb2e560d7cfdb5a3d09aa571ae5fbae",
                "sha256:c557ad647facb3c0027a9d0af58853f905e85a0a2f04dcb73f8e665272fcdc3a",
                "sha256:defabb7fbb99f9f7b3e0b24b286a46855caef4776495211b066e9e6592d12b04",
                "sha256:e2629cdbcad82b83922a3488937632a4983ecc0fed3e5cfbf430d069382eeb9b"
            ],
            "index": "pypi",
            "version": "==4.2.1"
        },
        "multidict": {
            "hashes": [
                "sha256:0462372fc74e4c061335118a4a5992b9a618d6c584b028ef03cf3e9b88a960e2",
                "sha256:068e91060e3e211441b1a31f5e65de88fc346490e1fae583c35a75a5295c8ef7",
                "sha256:0fd4d255adcbab3341d64a2fff5acce23409e57bb94e626485dea3db70ddc35e",
                "sha256:16c78b10e897a512aa34ab1969982e42246e53077ae903c1b334926e1ea832d1",
                "sha256:241c11614f64535e213ea143efa8b7e598793256601fc795e77075bdfa54f5d6",
                "sha256:288e8f94fb6f586e7386c1f22c979ce3ec866ab23371fa8fef1dd526cd4dfde1",
                "sha256:3508bea4974ee30fabcf7c8852fca7d9d54d496eaa068bee8311e0ac4df4ade3",
                "sha256:503ae54582601b0ff647731fee5efcdff5db1f4da0350febb31b628236a5f0b5",
                "sha256:50de6f3786ba868ffb7d78d4bcacf0928321f9892366b2f4a0426bba644e3f25",
                "sha256:608f7eef60e6558418d7da6551dd3d07ccc1290ecc85755d781bd8100322ea5b",
                "sha256:63663541d395ffe4d51a3c021467d0a7b46c965b63fa1646cb46e2e2f1f36415",
                "sha256:65546242d0c481c0daf0ef20c1be81c075fb763c5f4346f18f748b422fc40f32",
                "sha256:6d5f6f26f9025756035c473167b39c5a72e4e519a2286c9399d21f6682e4e5bc",
                "sha256:84a1cb5320f1494cd444ca3bd09ddba2e0af0cb210f9263bcf17357ab22671a1",
                "sha256:93f1af99bbe75c854370460a60823d6726f9af2196818a64346000d02e074ed7",
                "sha256:b46ec31bb7729eaa678a3bb1c999460902df1e295fcc093b9aa5f2c7e68d5803",
                "sha256:cd172509bfc9144395204dd2c0eb305ae5e89f8ad1714ffd7d793607c53c3244",
                "sha256:d99819e9e15e1295a31a757360cab65bc96162870f90c29432564bd8e8999aca",
                "sha256:e04b5bf8581718cf84c1c60bda40221d926ceb06f942ebabfc3baf467a1e34be",
                "sha256:e13265feabb1fa26f9cd49cbafd9b5de70ad768093ddb092af477c9823f44f0e",
                "sha256:ea8a18ea02bf84981ec93faded773a866554666f13955c92139127892c4bb45c",
                "sha256:fb4412490324705dcd2172baa8a3ea58ae23c5f982476805cad58ae929fe2a52"
            ],
            "version": "==4.1.0"
        },
        "multio": {
            "hashes": [
                "sha256:53fd38f5d90a5f1a5d2db507b73c474ef851f5465fab27ffabe401591808258a",
                "sha256:a6219395a1f84605c9041f0a7e8a529b989557c8a95920ddcd29fbed1d721758",
                "sha256:f61bc6cf0ee8ea0ba32d5b9ae5ae1cadaebc39b6635a9b3d54142ded78164fe3"
            ],
            "version": "==0.2.1"
        },
        "mypy-extensions": {
            "hashes": [
                "sha256:c4553f2475996c912658d3c2f398766cd47a65e0c2c6bb27ac8dea94a21640f4"
            ],
            "version": "==0.3.0"
        },
        "oauthlib": {
            "hashes": [
                "sha256:09d438bcac8f004ae348e721e9d8a7792a9e23cd574634e973173344046287f5",
                "sha256:909665297635fa11fe9914c146d875f2ed41c8c2d78e21a529dd71c0ba756508"
            ],
            "version": "==2.0.7"
        },
        "pylru": {
            "hashes": [
                "sha256:71376192671f0ad1690b2a7427d39a29b1df994c8469a9b46b03ed7e28c0172c"
            ],
            "version": "==1.0.9"
        },
        "python-levenshtein": {
            "hashes": [
                "sha256:033a11de5e3d19ea25c9302d11224e1a1898fe5abd23c61c7c360c25195e3eb1"
            ],
            "version": "==0.12.0"
        },
        "pytz": {
            "hashes": [
                "sha256:65ae0c8101309c45772196b21b74c46b2e5d11b6275c45d251b150d5da334555",
                "sha256:c06425302f2cf668f1bba7a0a03f3c1d34d4ebeef2c72003da308b3947c7f749"
            ],
            "version": "==2018.4"
        },
        "six": {
            "hashes": [
                "sha256:70e8a77beed4562e7f14fe23a786b54f6296e34344c23bc42f07b15018ff98e9",
                "sha256:832dc0e10feb1aa2c68dcc57dbb658f1c7e65b9b61af69048abc87a2db00a0eb"
            ],
            "version": "==1.11.0"
        },
        "sqlalchemy": {
            "hashes": [
                "sha256:d6cda03b0187d6ed796ff70e87c9a7dce2c2c9650a7bc3c022cd331416853c31"
            ],
            "index": "pypi",
            "version": "==1.2.7"
        },
        "typing-inspect": {
            "hashes": [
                "sha256:05955deb124e3d86f288324c586b9ba4e8a09d6be398d28731552110c0f1acb9",
                "sha256:a809bf96acc8a39856061291359622ff86a3a68fb7d9bca64f619336e3e69907",
                "sha256:ffdcbf86f35bd3cbe9aec92ee6ebc6886413524f9d4539856b5e2d26b39b40c9"
            ],
            "version": "==0.3.1"
        },
        "webencodings": {
            "hashes": [
                "sha256:a0af1213f3c2226497a97e2b3aa01a7e4bee4f403f95be16fc9acd2947514a78",
                "sha256:b36a1c245f2d304965eb4e0a82848379241dc04b865afcc4aab16748587e1923"
            ],
            "version": "==0.5.1"
        }
    },
    "develop": {
        "astroid": {
            "hashes": [
                "sha256:032f6e09161e96f417ea7fad46d3fac7a9019c775f202182c22df0e4f714cb1c",
                "sha256:dea42ae6e0b789b543f728ddae7ddb6740ba33a49fb52c4a4d9cb7bb4aa6ec09"
            ],
            "version": "==1.6.4"
        },
        "backcall": {
            "hashes": [
                "sha256:38ecd85be2c1e78f77fd91700c76e14667dc21e2713b63876c0eb901196e01e4",
                "sha256:bbbf4b1e5cd2bdb08f915895b51081c041bac22394fdfcfdfbe9f14b77c08bf2"
            ],
            "version": "==0.1.0"
        },
        "colorama": {
            "hashes": [
                "sha256:463f8483208e921368c9f306094eb6f725c6ca42b0f97e313cb5d5512459feda",
                "sha256:48eb22f4f8461b1df5734a074b57042430fb06e1d61bd1e11b078c0fe6d7a1f1"
            ],
            "markers": "sys_platform == 'win32'",
            "version": "==0.3.9"
        },
        "decorator": {
            "hashes": [
                "sha256:2c51dff8ef3c447388fe5e4453d24a2bf128d3a4c32af3fabef1f01c6851ab82",
                "sha256:c39efa13fbdeb4506c476c9b3babf6a718da943dab7811c206005a4a956c080c"
            ],
            "version": "==4.3.0"
        },
        "ipython": {
            "hashes": [
                "sha256:a0c96853549b246991046f32d19db7140f5b1a644cc31f0dc1edc86713b7676f",
                "sha256:eca537aa61592aca2fef4adea12af8e42f5c335004dfa80c78caf80e8b525e5c"
            ],
            "index": "pypi",
            "version": "==6.4.0"
        },
        "ipython-genutils": {
            "hashes": [
                "sha256:72dd37233799e619666c9f639a9da83c34013a73e8bbc79a7a6348d93c61fab8",
                "sha256:eb2e116e75ecef9d4d228fdc66af54269afa26ab4463042e33785b887c628ba8"
            ],
            "version": "==0.2.0"
        },
        "isort": {
            "hashes": [
                "sha256:1153601da39a25b14ddc54955dbbacbb6b2d19135386699e2ad58517953b34af",
                "sha256:b9c40e9750f3d77e6e4d441d8b0266cf555e7cdabdcff33c4fd06366ca761ef8",
                "sha256:ec9ef8f4a9bc6f71eec99e1806bfa2de401650d996c59330782b89a5555c1497"
            ],
            "version": "==4.3.4"
        },
        "jedi": {
            "hashes": [
                "sha256:1972f694c6bc66a2fac8718299e2ab73011d653a6d8059790c3476d2353b99ad",
                "sha256:5861f6dc0c16e024cbb0044999f9cf8013b292c05f287df06d3d991a87a4eb89"
            ],
            "version": "==0.12.0"
        },
        "lazy-object-proxy": {
            "hashes": [
                "sha256:0ce34342b419bd8f018e6666bfef729aec3edf62345a53b537a4dcc115746a33",
                "sha256:1b668120716eb7ee21d8a38815e5eb3bb8211117d9a90b0f8e21722c0758cc39",
                "sha256:209615b0fe4624d79e50220ce3310ca1a9445fd8e6d3572a896e7f9146bbf019",
                "sha256:27bf62cb2b1a2068d443ff7097ee33393f8483b570b475db8ebf7e1cba64f088",
                "sha256:27ea6fd1c02dcc78172a82fc37fcc0992a94e4cecf53cb6d73f11749825bd98b",
                "sha256:2c1b21b44ac9beb0fc848d3993924147ba45c4ebc24be19825e57aabbe74a99e",
                "sha256:2df72ab12046a3496a92476020a1a0abf78b2a7db9ff4dc2036b8dd980203ae6",
                "sha256:320ffd3de9699d3892048baee45ebfbbf9388a7d65d832d7e580243ade426d2b",
                "sha256:50e3b9a464d5d08cc5227413db0d1c4707b6172e4d4d915c1c70e4de0bbff1f5",
                "sha256:5276db7ff62bb7b52f77f1f51ed58850e315154249aceb42e7f4c611f0f847ff",
                "sha256:61a6cf00dcb1a7f0c773ed4acc509cb636af2d6337a08f362413c76b2b47a8dd",
                "sha256:6ae6c4cb59f199d8827c5a07546b2ab7e85d262acaccaacd49b62f53f7c456f7",
                "sha256:7661d401d60d8bf15bb5da39e4dd72f5d764c5aff5a86ef52a042506e3e970ff",
                "sha256:7bd527f36a605c914efca5d3d014170b2cb184723e423d26b1fb2fd9108e264d",
                "sha256:7cb54db3535c8686ea12e9535eb087d32421184eacc6939ef15ef50f83a5e7e2",
                "sha256:7f3a2d740291f7f2c111d86a1c4851b70fb000a6c8883a59660d95ad57b9df35",
                "sha256:81304b7d8e9c824d058087dcb89144842c8e0dea6d281c031f59f0acf66963d4",
                "sha256:933947e8b4fbe617a51528b09851685138b49d511af0b6c0da2539115d6d4514",
                "sha256:94223d7f060301b3a8c09c9b3bc3294b56b2188e7d8179c762a1cda72c979252",
                "sha256:ab3ca49afcb47058393b0122428358d2fbe0408cf99f1b58b295cfeb4ed39109",
                "sha256:bd6292f565ca46dee4e737ebcc20742e3b5be2b01556dafe169f6c65d088875f",
                "sha256:cb924aa3e4a3fb644d0c463cad5bc2572649a6a3f68a7f8e4fbe44aaa6d77e4c",
                "sha256:d0fc7a286feac9077ec52a927fc9fe8fe2fabab95426722be4c953c9a8bede92",
                "sha256:ddc34786490a6e4ec0a855d401034cbd1242ef186c20d79d2166d6a4bd449577",
                "sha256:e34b155e36fa9da7e1b7c738ed7767fc9491a62ec6af70fe9da4a057759edc2d",
                "sha256:e5b9e8f6bda48460b7b143c3821b21b452cb3a835e6bbd5dd33aa0c8d3f5137d",
                "sha256:e81ebf6c5ee9684be8f2c87563880f93eedd56dd2b6146d8a725b50b7e5adb0f",
                "sha256:eb91be369f945f10d3a49f5f9be8b3d0b93a4c2be8f8a5b83b0571b8123e0a7a",
                "sha256:f460d1ceb0e4a5dcb2a652db0904224f367c9b3c1470d5a7683c0480e582468b"
            ],
            "version": "==1.3.1"
        },
        "mccabe": {
            "hashes": [
                "sha256:ab8a6258860da4b6677da4bd2fe5dc2c659cff31b3ee4f7f5d64e79735b80d42",
                "sha256:dd8d182285a0fe56bace7f45b5e7d1a6ebcbf524e8f3bd87eb0f125271b8831f"
            ],
            "version": "==0.6.1"
        },
        "parso": {
            "hashes": [
                "sha256:62bd6bf7f04ab5c817704ff513ef175328676471bdef3629d4bdd46626f75551",
                "sha256:a75a304d7090d2c67bd298091c14ef9d3d560e3c53de1c239617889f61d1d307"
            ],
            "version": "==0.2.0"
        },
        "pickleshare": {
            "hashes": [
                "sha256:84a9257227dfdd6fe1b4be1319096c20eb85ff1e82c7932f36efccfe1b09737b",
                "sha256:c9a2541f25aeabc070f12f452e1f2a8eae2abd51e1cd19e8430402bdf4c1d8b5"
            ],
            "version": "==0.7.4"
        },
        "prompt-toolkit": {
            "hashes": [
                "sha256:1df952620eccb399c53ebb359cc7d9a8d3a9538cb34c5a1344bdbeb29fbcc381",
                "sha256:3f473ae040ddaa52b52f97f6b4a493cfa9f5920c255a12dc56a7d34397a398a4",
                "sha256:858588f1983ca497f1cf4ffde01d978a3ea02b01c8a26a8bbc5cd2e66d816917"
            ],
            "version": "==1.0.15"
        },
        "pygments": {
            "hashes": [
                "sha256:78f3f434bcc5d6ee09020f92ba487f95ba50f1e3ef83ae96b9d5ffa1bab25c5d",
                "sha256:dbae1046def0efb574852fab9e90209b23f556367b5a320c0bcb871c77c3e8cc"
            ],
            "version": "==2.2.0"
        },
        "pylint": {
            "hashes": [
                "sha256:b719c86a7395ea0c0ec8030c2a7a2b4fad573ee50460f9948fabb1811d72094f",
                "sha256:cf1be367296e9e534a5cb420186ce99f63f17c2b855fcb4321a3e20ce51502cd"
            ],
            "index": "pypi",
            "version": "==1.9.0"
        },
        "simplegeneric": {
            "hashes": [
                "sha256:dc972e06094b9af5b855b3df4a646395e43d1c9d0d39ed345b7393560d0b9173"
            ],
            "version": "==0.8.1"
        },
        "six": {
            "hashes": [
                "sha256:70e8a77beed4562e7f14fe23a786b54f6296e34344c23bc42f07b15018ff98e9",
                "sha256:832dc0e10feb1aa2c68dcc57dbb658f1c7e65b9b61af69048abc87a2db00a0eb"
            ],
            "version": "==1.11.0"
        },
        "traitlets": {
            "hashes": [
                "sha256:9c4bd2d267b7153df9152698efb1050a5d84982d3384a37b2c1f7723ba3e7835",
                "sha256:c6cb5e6f57c5a9bdaa40fa71ce7b4af30298fbab9ece9815b5d995ab6217c7d9"
            ],
            "version": "==4.3.2"
        },
        "wcwidth": {
            "hashes": [
                "sha256:3df37372226d6e63e1b1e1eda15c594bca98a22d33a23832a90998faa96bc65e",
                "sha256:f4ebe71925af7b40a864553f761ed559b43544f8f71746c2d756c7fe788ade7c"
            ],
            "version": "==0.1.7"
        },
        "wrapt": {
            "hashes": [
                "sha256:d4d560d479f2c21e1b5443bbd15fe7ec4b37fe7e53d335d3b9b0a7b1226fe3c6"
            ],
            "version": "==1.10.11"
        }
    }
}
